
Microsoft Visual Studio Solution File, Format Version 12.00
# Visual Studio 15
VisualStudioVersion = 15.0.26730.12
MinimumVisualStudioVersion = 10.0.40219.1
Project("{FAE04EC0-301F-11D3-BF4B-00C04F79EFBC}") = "IocPerformance", "IocPerformance\IocPerformance.csproj", "{C2CB4D53-6B69-4554-9DA6-759A69C528C9}"
EndProject
Global
	GlobalSection(SolutionConfigurationPlatforms) = preSolution
		Debug|Any CPU = Debug|Any CPU
		Release|Any CPU = Release|Any CPU
	EndGlobalSection
	GlobalSection(ProjectConfigurationPlatforms) = postSolution
		{C2CB4D53-6B69-4554-9DA6-759A69C528C9}.Debug|Any CPU.ActiveCfg = Debug|Any CPU
		{C2CB4D53-6B69-4554-9DA6-759A69C528C9}.Debug|Any CPU.Build.0 = Debug|Any CPU
		{C2CB4D53-6B69-4554-9DA6-759A69C528C9}.Release|Any CPU.ActiveCfg = Release|Any CPU
		{C2CB4D53-6B69-4554-9DA6-759A69C528C9}.Release|Any CPU.Build.0 = Release|Any CPU
	EndGlobalSection
	GlobalSection(SolutionProperties) = preSolution
		HideSolutionNode = FALSE
	EndGlobalSection
	GlobalSection(ExtensibilityGlobals) = postSolution
		SolutionGuid = {F083836A-E19C-4421-AE5C-547529F2377D}
	EndGlobalSection
EndGlobal
