
Microsoft Visual Studio Solution File, Format Version 11.00
# Visual Studio 2010
Project("{FAE04EC0-301F-11D3-BF4B-00C04F79EFBC}") = "IocPerformance", "IocPerformance\IocPerformance.csproj", "{F73089D4-651F-4008-9EEA-CDFCACE60EAD}"
EndProject
Global
	GlobalSection(SolutionConfigurationPlatforms) = preSolution
		Debug|x86 = Debug|x86
		Release|x86 = Release|x86
	EndGlobalSection
	GlobalSection(ProjectConfigurationPlatforms) = postSolution
		{F73089D4-651F-4008-9EEA-CDFCACE60EAD}.Debug|x86.ActiveCfg = Debug|x86
		{F73089D4-651F-4008-9EEA-CDFCACE60EAD}.Debug|x86.Build.0 = Debug|x86
		{F73089D4-651F-4008-9EEA-CDFCACE60EAD}.Release|x86.ActiveCfg = Release|x86
		{F73089D4-651F-4008-9EEA-CDFCACE60EAD}.Release|x86.Build.0 = Release|x86
	EndGlobalSection
	GlobalSection(SolutionProperties) = preSolution
		HideSolutionNode = FALSE
	EndGlobalSection
	GlobalSection(ExtensibilityGlobals) = postSolution
		EnterpriseLibraryConfigurationToolBinariesPath = packages\Unity.2.1.505.0\lib\NET35;packages\Unity.2.1.505.2\lib\NET35
	EndGlobalSection
EndGlobal
