
Microsoft Visual Studio Solution File, Format Version 12.00
# Visual Studio 2012
Project("{FAE04EC0-301F-11D3-BF4B-00C04F79EFBC}") = "IocPerformance", "IocPerformance\IocPerformance.csproj", "{F73089D4-651F-4008-9EEA-CDFCACE60EAD}"
EndProject
Project("{2150E333-8FDC-42A3-9474-1A3956D46DE8}") = ".nuget", ".nuget", "{9108A794-5959-40EB-BE60-A64E96418B6E}"
	ProjectSection(SolutionItems) = preProject
		.nuget\NuGet.Config = .nuget\NuGet.Config
		.nuget\NuGet.exe = .nuget\NuGet.exe
		.nuget\NuGet.targets = .nuget\NuGet.targets
	EndProjectSection
EndProject
Global
	GlobalSection(SolutionConfigurationPlatforms) = preSolution
		Debug|Any CPU = Debug|Any CPU
		Release|Any CPU = Release|Any CPU
	EndGlobalSection
	GlobalSection(ProjectConfigurationPlatforms) = postSolution
		{F73089D4-651F-4008-9EEA-CDFCACE60EAD}.Debug|Any CPU.ActiveCfg = Debug|Any CPU
		{F73089D4-651F-4008-9EEA-CDFCACE60EAD}.Debug|Any CPU.Build.0 = Debug|Any CPU
		{F73089D4-651F-4008-9EEA-CDFCACE60EAD}.Release|Any CPU.ActiveCfg = Release|Any CPU
		{F73089D4-651F-4008-9EEA-CDFCACE60EAD}.Release|Any CPU.Build.0 = Release|Any CPU
	EndGlobalSection
	GlobalSection(SolutionProperties) = preSolution
		HideSolutionNode = FALSE
	EndGlobalSection
	GlobalSection(ExtensibilityGlobals) = postSolution
		EnterpriseLibraryConfigurationToolBinariesPath = packages\Unity.2.1.505.0\lib\NET35;packages\Unity.2.1.505.2\lib\NET35
	EndGlobalSection
EndGlobal
